<?xml version="1.0" encoding="utf-8"?>
<Project ToolsVersion="4.0" xmlns="http://schemas.microsoft.com/developer/msbuild/2003">
  <ItemGroup>
    <Filter Include="Main">
      <UniqueIdentifier>{945029eb-d580-4e10-9e01-e3960bb2bef1}</UniqueIdentifier>
    </Filter>
    <Filter Include="Primer">
      <UniqueIdentifier>{e2b627f6-3915-4caa-b494-f3024215b929}</UniqueIdentifier>
    </Filter>
    <Filter Include="Primer\ioRedirect">
      <UniqueIdentifier>{45e92522-27fd-4e8b-9497-22b2388a22cc}</UniqueIdentifier>
    </Filter>
    <Filter Include="Include">
      <UniqueIdentifier>{99c8c370-209f-4583-94c0-2b6d9cb6e4e1}</UniqueIdentifier>
    </Filter>
    <Filter Include="Primer\virtualDetail">
      <UniqueIdentifier>{c628acda-690c-4991-8661-a1a71514ce01}</UniqueIdentifier>
    </Filter>
    <Filter Include="Primer\inherit">
      <UniqueIdentifier>{99dbf082-9571-470b-802b-fe9b2c47d521}</UniqueIdentifier>
    </Filter>
    <Filter Include="Primer\sort">
      <UniqueIdentifier>{4261b958-20f1-4464-aa91-fc530244ca03}</UniqueIdentifier>
    </Filter>
    <Filter Include="Primer\_200_baseKnow">
      <UniqueIdentifier>{2cafb080-76ad-4057-96a2-9f9c1fcf5cf2}</UniqueIdentifier>
    </Filter>
  </ItemGroup>
  <ItemGroup>
    <ClCompile Include="..\Main\main.cpp">
      <Filter>Main</Filter>
    </ClCompile>
    <ClCompile Include="..\include\unitApp.cpp">
      <Filter>Include</Filter>
    </ClCompile>
    <ClCompile Include="..\primer\virtualDetail\virtualDetail.cpp">
      <Filter>Primer\virtualDetail</Filter>
    </ClCompile>
    <ClCompile Include="..\primer\ioRedirect\ioRedirect.cpp">
      <Filter>Primer\ioRedirect</Filter>
    </ClCompile>
    <ClCompile Include="..\primer\inherit\inherit.cpp">
      <Filter>Primer\inherit</Filter>
    </ClCompile>
    <ClCompile Include="..\primer\sort\sort.cpp">
      <Filter>Primer\sort</Filter>
    </ClCompile>
  </ItemGroup>
  <ItemGroup>
    <ClInclude Include="..\include\unitApp.h">
      <Filter>Include</Filter>
    </ClInclude>
    <ClInclude Include="..\primer\virtualDetail\virtualDetail.h">
      <Filter>Primer\virtualDetail</Filter>
    </ClInclude>
    <ClInclude Include="..\primer\ioRedirect\ioRedirect.h">
      <Filter>Primer\ioRedirect</Filter>
    </ClInclude>
    <ClInclude Include="..\primer\inherit\inherit.h">
      <Filter>Primer\inherit</Filter>
    </ClInclude>
    <ClInclude Include="..\primer\sort\sort.h">
      <Filter>Primer\sort</Filter>
    </ClInclude>
    <ClInclude Include="..\primer\_200_baseKnow\variable.h">
      <Filter>Primer\_200_baseKnow</Filter>
    </ClInclude>
  </ItemGroup>
</Project>